
Microsoft Visual Studio Solution File, Format Version 12.00
# Visual Studio Version 17
VisualStudioVersion = 17.10.35122.118
MinimumVisualStudioVersion = 10.0.40219.1
Project("{FAE04EC0-301F-11D3-BF4B-00C04F79EFBC}") = "Opdracht HC group", "Opdracht HC group.csproj", "{AC550BC2-AAC0-48B1-8890-752E9BE5762E}"
EndProject
Global
	GlobalSection(SolutionConfigurationPlatforms) = preSolution
		Debug|Any CPU = Debug|Any CPU
		Release|Any CPU = Release|Any CPU
	EndGlobalSection
	GlobalSection(ProjectConfigurationPlatforms) = postSolution
		{AC550BC2-AAC0-48B1-8890-752E9BE5762E}.Debug|Any CPU.ActiveCfg = Debug|Any CPU
		{AC550BC2-AAC0-48B1-8890-752E9BE5762E}.Debug|Any CPU.Build.0 = Debug|Any CPU
		{AC550BC2-AAC0-48B1-8890-752E9BE5762E}.Release|Any CPU.ActiveCfg = Release|Any CPU
		{AC550BC2-AAC0-48B1-8890-752E9BE5762E}.Release|Any CPU.Build.0 = Release|Any CPU
	EndGlobalSection
	GlobalSection(SolutionProperties) = preSolution
		HideSolutionNode = FALSE
	EndGlobalSection
	GlobalSection(ExtensibilityGlobals) = postSolution
		SolutionGuid = {6A20541E-26CD-46DE-ACC6-C9ABE5E0DA34}
	EndGlobalSection
EndGlobal
